
Microsoft Visual Studio Solution File, Format Version 12.00
# Visual Studio Version 16
VisualStudioVersion = 16.0.809.8
MinimumVisualStudioVersion = 10.0.40219.1
Project("{FAE04EC0-301F-11D3-BF4B-00C04F79EFBC}") = "GDS.DigitalIdentity.Authentication.Stubs.RelyingParty", "GDS.DigitalIdentity.Authentication.Stubs.RelyingParty\GDS.DigitalIdentity.Authentication.Stubs.RelyingParty.csproj", "{C48D743A-DF4D-4777-82E7-78105098F939}"
EndProject
Global
	GlobalSection(SolutionConfigurationPlatforms) = preSolution
		Debug|Any CPU = Debug|Any CPU
		Release|Any CPU = Release|Any CPU
	EndGlobalSection
	GlobalSection(ProjectConfigurationPlatforms) = postSolution
		{C48D743A-DF4D-4777-82E7-78105098F939}.Debug|Any CPU.ActiveCfg = Debug|Any CPU
		{C48D743A-DF4D-4777-82E7-78105098F939}.Debug|Any CPU.Build.0 = Debug|Any CPU
		{C48D743A-DF4D-4777-82E7-78105098F939}.Release|Any CPU.ActiveCfg = Release|Any CPU
		{C48D743A-DF4D-4777-82E7-78105098F939}.Release|Any CPU.Build.0 = Release|Any CPU
	EndGlobalSection
	GlobalSection(SolutionProperties) = preSolution
		HideSolutionNode = FALSE
	EndGlobalSection
	GlobalSection(ExtensibilityGlobals) = postSolution
		SolutionGuid = {57E1E2AE-CE7E-4989-9054-EA4ED9D81A85}
	EndGlobalSection
EndGlobal
